// !$*UTF8*$!
{
	archiveVersion = 1;
	classes = {
	};
	objectVersion = 46;
	objects = {

/* Begin PBXBuildFile section */
		66C4B8AA182EB24200C2AA97 /* AppKit.framework in Frameworks */ = {isa = PBXBuildFile; fileRef = 66C4B8A9182EB24200C2AA97 /* AppKit.framework */; };
		66C4B8AC182EB24200C2AA97 /* Foundation.framework in Frameworks */ = {isa = PBXBuildFile; fileRef = 66C4B8AB182EB24200C2AA97 /* Foundation.framework */; };
		66C4B8B2182EB24200C2AA97 /* InfoPlist.strings in Resources */ = {isa = PBXBuildFile; fileRef = 66C4B8B0182EB24200C2AA97 /* InfoPlist.strings */; };
		66C4B8B5182EB24300C2AA97 /* OFPlugin.m in Sources */ = {isa = PBXBuildFile; fileRef = 66C4B8B4182EB24300C2AA97 /* OFPlugin.m */; };
/* End PBXBuildFile section */

/* Begin PBXFileReference section */
		66C4B8A6182EB24200C2AA97 /* OFPlugin.xcplugin */ = {isa = PBXFileReference; explicitFileType = wrapper.cfbundle; includeInIndex = 0; path = OFPlugin.xcplugin; sourceTree = BUILT_PRODUCTS_DIR; };
		66C4B8A9182EB24200C2AA97 /* AppKit.framework */ = {isa = PBXFileReference; lastKnownFileType = wrapper.framework; name = AppKit.framework; path = System/Library/Frameworks/AppKit.framework; sourceTree = SDKROOT; };
		66C4B8AB182EB24200C2AA97 /* Foundation.framework */ = {isa = PBXFileReference; lastKnownFileType = wrapper.framework; name = Foundation.framework; path = System/Library/Frameworks/Foundation.framework; sourceTree = SDKROOT; };
		66C4B8AF182EB24200C2AA97 /* OFPlugin-Info.plist */ = {isa = PBXFileReference; lastKnownFileType = text.plist.xml; path = "OFPlugin-Info.plist"; sourceTree = "<group>"; };
		66C4B8B1182EB24200C2AA97 /* en */ = {isa = PBXFileReference; lastKnownFileType = text.plist.strings; name = en; path = en.lproj/InfoPlist.strings; sourceTree = "<group>"; };
		66C4B8B3182EB24300C2AA97 /* OFPlugin.h */ = {isa = PBXFileReference; lastKnownFileType = sourcecode.c.h; path = OFPlugin.h; sourceTree = "<group>"; };
		66C4B8B4182EB24300C2AA97 /* OFPlugin.m */ = {isa = PBXFileReference; lastKnownFileType = sourcecode.c.objc; path = OFPlugin.m; sourceTree = "<group>"; };
		66C4B8B6182EB24300C2AA97 /* OFPlugin-Prefix.pch */ = {isa = PBXFileReference; lastKnownFileType = sourcecode.c.h; path = "OFPlugin-Prefix.pch"; sourceTree = "<group>"; };
/* End PBXFileReference section */

/* Begin PBXFrameworksBuildPhase section */
		66C4B8A3182EB24200C2AA97 /* Frameworks */ = {
			isa = PBXFrameworksBuildPhase;
			buildActionMask = 2147483647;
			files = (
				66C4B8AA182EB24200C2AA97 /* AppKit.framework in Frameworks */,
				66C4B8AC182EB24200C2AA97 /* Foundation.framework in Frameworks */,
			);
			runOnlyForDeploymentPostprocessing = 0;
		};
/* End PBXFrameworksBuildPhase section */

/* Begin PBXGroup section */
		66C4B89D182EB24200C2AA97 = {
			isa = PBXGroup;
			children = (
				66C4B8AD182EB24200C2AA97 /* OFPlugin */,
				66C4B8A8182EB24200C2AA97 /* Frameworks */,
				66C4B8A7182EB24200C2AA97 /* Products */,
			);
			sourceTree = "<group>";
		};
		66C4B8A7182EB24200C2AA97 /* Products */ = {
			isa = PBXGroup;
			children = (
				66C4B8A6182EB24200C2AA97 /* OFPlugin.xcplugin */,
			);
			name = Products;
			sourceTree = "<group>";
		};
		66C4B8A8182EB24200C2AA97 /* Frameworks */ = {
			isa = PBXGroup;
			children = (
				66C4B8A9182EB24200C2AA97 /* AppKit.framework */,
				66C4B8AB182EB24200C2AA97 /* Foundation.framework */,
			);
			name = Frameworks;
			sourceTree = "<group>";
		};
		66C4B8AD182EB24200C2AA97 /* OFPlugin */ = {
			isa = PBXGroup;
			children = (
				66C4B8B3182EB24300C2AA97 /* OFPlugin.h */,
				66C4B8B4182EB24300C2AA97 /* OFPlugin.m */,
				66C4B8AE182EB24200C2AA97 /* Supporting Files */,
			);
			path = OFPlugin;
			sourceTree = "<group>";
		};
		66C4B8AE182EB24200C2AA97 /* Supporting Files */ = {
			isa = PBXGroup;
			children = (
				66C4B8AF182EB24200C2AA97 /* OFPlugin-Info.plist */,
				66C4B8B0182EB24200C2AA97 /* InfoPlist.strings */,
				66C4B8B6182EB24300C2AA97 /* OFPlugin-Prefix.pch */,
			);
			name = "Supporting Files";
			sourceTree = "<group>";
		};
/* End PBXGroup section */

/* Begin PBXNativeTarget section */
		66C4B8A5182EB24200C2AA97 /* OFPlugin */ = {
			isa = PBXNativeTarget;
			buildConfigurationList = 66C4B8B9182EB24300C2AA97 /* Build configuration list for PBXNativeTarget "OFPlugin" */;
			buildPhases = (
				66C4B8A2182EB24200C2AA97 /* Sources */,
				66C4B8A3182EB24200C2AA97 /* Frameworks */,
				66C4B8A4182EB24200C2AA97 /* Resources */,
			);
			buildRules = (
			);
			dependencies = (
			);
			name = OFPlugin;
			productName = OFPlugin;
			productReference = 66C4B8A6182EB24200C2AA97 /* OFPlugin.xcplugin */;
			productType = "com.apple.product-type.bundle";
		};
/* End PBXNativeTarget section */

/* Begin PBXProject section */
		66C4B89E182EB24200C2AA97 /* Project object */ = {
			isa = PBXProject;
			attributes = {
				LastUpgradeCheck = 0500;
				ORGANIZATIONNAME = lol;
			};
			buildConfigurationList = 66C4B8A1182EB24200C2AA97 /* Build configuration list for PBXProject "OFPlugin" */;
			compatibilityVersion = "Xcode 3.2";
			developmentRegion = English;
			hasScannedForEncodings = 0;
			knownRegions = (
				en,
			);
			mainGroup = 66C4B89D182EB24200C2AA97;
			productRefGroup = 66C4B8A7182EB24200C2AA97 /* Products */;
			projectDirPath = "";
			projectRoot = "";
			targets = (
				66C4B8A5182EB24200C2AA97 /* OFPlugin */,
			);
		};
/* End PBXProject section */

/* Begin PBXResourcesBuildPhase section */
		66C4B8A4182EB24200C2AA97 /* Resources */ = {
			isa = PBXResourcesBuildPhase;
			buildActionMask = 2147483647;
			files = (
				66C4B8B2182EB24200C2AA97 /* InfoPlist.strings in Resources */,
			);
			runOnlyForDeploymentPostprocessing = 0;
		};
/* End PBXResourcesBuildPhase section */

/* Begin PBXSourcesBuildPhase section */
		66C4B8A2182EB24200C2AA97 /* Sources */ = {
			isa = PBXSourcesBuildPhase;
			buildActionMask = 2147483647;
			files = (
				66C4B8B5182EB24300C2AA97 /* OFPlugin.m in Sources */,
			);
			runOnlyForDeploymentPostprocessing = 0;
		};
/* End PBXSourcesBuildPhase section */

/* Begin PBXVariantGroup section */
		66C4B8B0182EB24200C2AA97 /* InfoPlist.strings */ = {
			isa = PBXVariantGroup;
			children = (
				66C4B8B1182EB24200C2AA97 /* en */,
			);
			name = InfoPlist.strings;
			sourceTree = "<group>";
		};
/* End PBXVariantGroup section */

/* Begin XCBuildConfiguration section */
		66C4B8B7182EB24300C2AA97 /* Debug */ = {
			isa = XCBuildConfiguration;
			buildSettings = {
				ALWAYS_SEARCH_USER_PATHS = NO;
				CLANG_CXX_LANGUAGE_STANDARD = "gnu++0x";
				CLANG_CXX_LIBRARY = "libc++";
				CLANG_ENABLE_OBJC_ARC = YES;
				CLANG_WARN_BOOL_CONVERSION = YES;
				CLANG_WARN_CONSTANT_CONVERSION = YES;
				CLANG_WARN_DIRECT_OBJC_ISA_USAGE = YES_ERROR;
				CLANG_WARN_EMPTY_BODY = YES;
				CLANG_WARN_ENUM_CONVERSION = YES;
				CLANG_WARN_INT_CONVERSION = YES;
				CLANG_WARN_OBJC_ROOT_CLASS = YES_ERROR;
				CLANG_WARN__DUPLICATE_METHOD_MATCH = YES;
				COPY_PHASE_STRIP = NO;
				GCC_C_LANGUAGE_STANDARD = gnu99;
				GCC_DYNAMIC_NO_PIC = NO;
				GCC_ENABLE_OBJC_EXCEPTIONS = YES;
				GCC_OPTIMIZATION_LEVEL = 0;
				GCC_PREPROCESSOR_DEFINITIONS = (
					"DEBUG=1",
					"$(inherited)",
				);
				GCC_SYMBOLS_PRIVATE_EXTERN = NO;
				GCC_WARN_64_TO_32_BIT_CONVERSION = YES;
				GCC_WARN_ABOUT_RETURN_TYPE = YES_ERROR;
				GCC_WARN_UNDECLARED_SELECTOR = YES;
				GCC_WARN_UNINITIALIZED_AUTOS = YES;
				GCC_WARN_UNUSED_FUNCTION = YES;
				GCC_WARN_UNUSED_VARIABLE = YES;
				MACOSX_DEPLOYMENT_TARGET = 10.9;
				ONLY_ACTIVE_ARCH = YES;
				SDKROOT = macosx;
			};
			name = Debug;
		};
		66C4B8B8182EB24300C2AA97 /* Release */ = {
			isa = XCBuildConfiguration;
			buildSettings = {
				ALWAYS_SEARCH_USER_PATHS = NO;
				CLANG_CXX_LANGUAGE_STANDARD = "gnu++0x";
				CLANG_CXX_LIBRARY = "libc++";
				CLANG_ENABLE_OBJC_ARC = YES;
				CLANG_WARN_BOOL_CONVERSION = YES;
				CLANG_WARN_CONSTANT_CONVERSION = YES;
				CLANG_WARN_DIRECT_OBJC_ISA_USAGE = YES_ERROR;
				CLANG_WARN_EMPTY_BODY = YES;
				CLANG_WARN_ENUM_CONVERSION = YES;
				CLANG_WARN_INT_CONVERSION = YES;
				CLANG_WARN_OBJC_ROOT_CLASS = YES_ERROR;
				CLANG_WARN__DUPLICATE_METHOD_MATCH = YES;
				COPY_PHASE_STRIP = YES;
				DEBUG_INFORMATION_FORMAT = "dwarf-with-dsym";
				ENABLE_NS_ASSERTIONS = NO;
				GCC_C_LANGUAGE_STANDARD = gnu99;
				GCC_ENABLE_OBJC_EXCEPTIONS = YES;
				GCC_WARN_64_TO_32_BIT_CONVERSION = YES;
				GCC_WARN_ABOUT_RETURN_TYPE = YES_ERROR;
				GCC_WARN_UNDECLARED_SELECTOR = YES;
				GCC_WARN_UNINITIALIZED_AUTOS = YES;
				GCC_WARN_UNUSED_FUNCTION = YES;
				GCC_WARN_UNUSED_VARIABLE = YES;
				MACOSX_DEPLOYMENT_TARGET = 10.9;
				SDKROOT = macosx;
			};
			name = Release;
		};
		66C4B8BA182EB24300C2AA97 /* Debug */ = {
			isa = XCBuildConfiguration;
			buildSettings = {
				COMBINE_HIDPI_IMAGES = YES;
				DEPLOYMENT_LOCATION = YES;
				DSTROOT = "$(HOME)";
				GCC_PRECOMPILE_PREFIX_HEADER = YES;
				GCC_PREFIX_HEADER = "OFPlugin/OFPlugin-Prefix.pch";
				INFOPLIST_FILE = "OFPlugin/OFPlugin-Info.plist";
				INSTALL_PATH = "/Library/Application Support/Developer/Shared/Xcode/Plug-ins";
				PRODUCT_NAME = "$(TARGET_NAME)";
				WRAPPER_EXTENSION = xcplugin;
			};
			name = Debug;
		};
		66C4B8BB182EB24300C2AA97 /* Release */ = {
			isa = XCBuildConfiguration;
			buildSettings = {
				COMBINE_HIDPI_IMAGES = YES;
				DEPLOYMENT_LOCATION = YES;
				DSTROOT = "$(HOME)";
				GCC_PRECOMPILE_PREFIX_HEADER = YES;
				GCC_PREFIX_HEADER = "OFPlugin/OFPlugin-Prefix.pch";
				INFOPLIST_FILE = "OFPlugin/OFPlugin-Info.plist";
				INSTALL_PATH = "/Library/Application Support/Developer/Shared/Xcode/Plug-ins";
				PRODUCT_NAME = "$(TARGET_NAME)";
				WRAPPER_EXTENSION = xcplugin;
			};
			name = Release;
		};
/* End XCBuildConfiguration section */

/* Begin XCConfigurationList section */
		66C4B8A1182EB24200C2AA97 /* Build configuration list for PBXProject "OFPlugin" */ = {
			isa = XCConfigurationList;
			buildConfigurations = (
				66C4B8B7182EB24300C2AA97 /* Debug */,
				66C4B8B8182EB24300C2AA97 /* Release */,
			);
			defaultConfigurationIsVisible = 0;
			defaultConfigurationName = Release;
		};
		66C4B8B9182EB24300C2AA97 /* Build configuration list for PBXNativeTarget "OFPlugin" */ = {
			isa = XCConfigurationList;
			buildConfigurations = (
				66C4B8BA182EB24300C2AA97 /* Debug */,
				66C4B8BB182EB24300C2AA97 /* Release */,
			);
			defaultConfigurationIsVisible = 0;
		};
/* End XCConfigurationList section */
	};
	rootObject = 66C4B89E182EB24200C2AA97 /* Project object */;
}
