// !$*UTF8*$!
{
	archiveVersion = 1;
	classes = {
	};
	objectVersion = 46;
	objects = {

/* Begin PBXBuildFile section */
		663634861BAB1A08008A7DAA /* InfoPlist.strings in Resources */ = {isa = PBXBuildFile; fileRef = 6636347A1BAB1A08008A7DAA /* InfoPlist.strings */; settings = {ASSET_TAGS = (); }; };
		663634871BAB1A08008A7DAA /* NSObject+OFPluginXcodePrivateMethods.m in Sources */ = {isa = PBXBuildFile; fileRef = 6636347D1BAB1A08008A7DAA /* NSObject+OFPluginXcodePrivateMethods.m */; settings = {ASSET_TAGS = (); }; };
		663634881BAB1A08008A7DAA /* OFAddon.m in Sources */ = {isa = PBXBuildFile; fileRef = 6636347F1BAB1A08008A7DAA /* OFAddon.m */; settings = {ASSET_TAGS = (); }; };
		663634891BAB1A08008A7DAA /* OFAddonMenuItem.m in Sources */ = {isa = PBXBuildFile; fileRef = 663634811BAB1A08008A7DAA /* OFAddonMenuItem.m */; settings = {ASSET_TAGS = (); }; };
		6636348B1BAB1A08008A7DAA /* OFPlugin.m in Sources */ = {isa = PBXBuildFile; fileRef = 663634851BAB1A08008A7DAA /* OFPlugin.m */; settings = {ASSET_TAGS = (); }; };
		66C4B8AA182EB24200C2AA97 /* AppKit.framework in Frameworks */ = {isa = PBXBuildFile; fileRef = 66C4B8A9182EB24200C2AA97 /* AppKit.framework */; };
		66C4B8AC182EB24200C2AA97 /* Foundation.framework in Frameworks */ = {isa = PBXBuildFile; fileRef = 66C4B8AB182EB24200C2AA97 /* Foundation.framework */; };
/* End PBXBuildFile section */

/* Begin PBXFileReference section */
		6636347B1BAB1A08008A7DAA /* en */ = {isa = PBXFileReference; lastKnownFileType = text.plist.strings; name = en; path = en.lproj/InfoPlist.strings; sourceTree = "<group>"; };
		6636347C1BAB1A08008A7DAA /* NSObject+OFPluginXcodePrivateMethods.h */ = {isa = PBXFileReference; fileEncoding = 4; lastKnownFileType = sourcecode.c.h; path = "NSObject+OFPluginXcodePrivateMethods.h"; sourceTree = "<group>"; };
		6636347D1BAB1A08008A7DAA /* NSObject+OFPluginXcodePrivateMethods.m */ = {isa = PBXFileReference; fileEncoding = 4; lastKnownFileType = sourcecode.c.objc; path = "NSObject+OFPluginXcodePrivateMethods.m"; sourceTree = "<group>"; };
		6636347E1BAB1A08008A7DAA /* OFAddon.h */ = {isa = PBXFileReference; fileEncoding = 4; lastKnownFileType = sourcecode.c.h; path = OFAddon.h; sourceTree = "<group>"; };
		6636347F1BAB1A08008A7DAA /* OFAddon.m */ = {isa = PBXFileReference; fileEncoding = 4; lastKnownFileType = sourcecode.c.objc; path = OFAddon.m; sourceTree = "<group>"; };
		663634801BAB1A08008A7DAA /* OFAddonMenuItem.h */ = {isa = PBXFileReference; fileEncoding = 4; lastKnownFileType = sourcecode.c.h; path = OFAddonMenuItem.h; sourceTree = "<group>"; };
		663634811BAB1A08008A7DAA /* OFAddonMenuItem.m */ = {isa = PBXFileReference; fileEncoding = 4; lastKnownFileType = sourcecode.c.objc; path = OFAddonMenuItem.m; sourceTree = "<group>"; };
		663634841BAB1A08008A7DAA /* OFPlugin.h */ = {isa = PBXFileReference; fileEncoding = 4; lastKnownFileType = sourcecode.c.h; path = OFPlugin.h; sourceTree = "<group>"; };
		663634851BAB1A08008A7DAA /* OFPlugin.m */ = {isa = PBXFileReference; fileEncoding = 4; lastKnownFileType = sourcecode.c.objc; path = OFPlugin.m; sourceTree = "<group>"; };
		6636348C1BAB1AC1008A7DAA /* OFXcodeMenu-Info.plist */ = {isa = PBXFileReference; fileEncoding = 4; lastKnownFileType = text.plist.xml; name = "OFXcodeMenu-Info.plist"; path = "OFXcodeMenu/OFXcodeMenu-Info.plist"; sourceTree = SOURCE_ROOT; };
		6636348D1BAB1AC1008A7DAA /* OFXcodeMenu-Prefix.pch */ = {isa = PBXFileReference; fileEncoding = 4; lastKnownFileType = sourcecode.c.h; name = "OFXcodeMenu-Prefix.pch"; path = "OFXcodeMenu/OFXcodeMenu-Prefix.pch"; sourceTree = SOURCE_ROOT; };
		66C4B8A6182EB24200C2AA97 /* OFXcodeMenu.xcplugin */ = {isa = PBXFileReference; explicitFileType = wrapper.cfbundle; includeInIndex = 0; path = OFXcodeMenu.xcplugin; sourceTree = BUILT_PRODUCTS_DIR; };
		66C4B8A9182EB24200C2AA97 /* AppKit.framework */ = {isa = PBXFileReference; lastKnownFileType = wrapper.framework; name = AppKit.framework; path = System/Library/Frameworks/AppKit.framework; sourceTree = SDKROOT; };
		66C4B8AB182EB24200C2AA97 /* Foundation.framework */ = {isa = PBXFileReference; lastKnownFileType = wrapper.framework; name = Foundation.framework; path = System/Library/Frameworks/Foundation.framework; sourceTree = SDKROOT; };
/* End PBXFileReference section */

/* Begin PBXFrameworksBuildPhase section */
		66C4B8A3182EB24200C2AA97 /* Frameworks */ = {
			isa = PBXFrameworksBuildPhase;
			buildActionMask = 2147483647;
			files = (
				66C4B8AA182EB24200C2AA97 /* AppKit.framework in Frameworks */,
				66C4B8AC182EB24200C2AA97 /* Foundation.framework in Frameworks */,
			);
			runOnlyForDeploymentPostprocessing = 0;
		};
/* End PBXFrameworksBuildPhase section */

/* Begin PBXGroup section */
		663634791BAB1A08008A7DAA /* OFXcodeMenu */ = {
			isa = PBXGroup;
			children = (
				6636347C1BAB1A08008A7DAA /* NSObject+OFPluginXcodePrivateMethods.h */,
				6636347D1BAB1A08008A7DAA /* NSObject+OFPluginXcodePrivateMethods.m */,
				6636347E1BAB1A08008A7DAA /* OFAddon.h */,
				6636347F1BAB1A08008A7DAA /* OFAddon.m */,
				663634801BAB1A08008A7DAA /* OFAddonMenuItem.h */,
				663634811BAB1A08008A7DAA /* OFAddonMenuItem.m */,
				663634841BAB1A08008A7DAA /* OFPlugin.h */,
				663634851BAB1A08008A7DAA /* OFPlugin.m */,
			);
			path = OFXcodeMenu;
			sourceTree = SOURCE_ROOT;
		};
		66C4B89D182EB24200C2AA97 = {
			isa = PBXGroup;
			children = (
				66C4B8AD182EB24200C2AA97 /* OFXcodeMenu */,
				66C4B8A8182EB24200C2AA97 /* Frameworks */,
				66C4B8A7182EB24200C2AA97 /* Products */,
			);
			sourceTree = "<group>";
		};
		66C4B8A7182EB24200C2AA97 /* Products */ = {
			isa = PBXGroup;
			children = (
				66C4B8A6182EB24200C2AA97 /* OFXcodeMenu.xcplugin */,
			);
			name = Products;
			sourceTree = "<group>";
		};
		66C4B8A8182EB24200C2AA97 /* Frameworks */ = {
			isa = PBXGroup;
			children = (
				66C4B8A9182EB24200C2AA97 /* AppKit.framework */,
				66C4B8AB182EB24200C2AA97 /* Foundation.framework */,
			);
			name = Frameworks;
			sourceTree = "<group>";
		};
		66C4B8AD182EB24200C2AA97 /* OFXcodeMenu */ = {
			isa = PBXGroup;
			children = (
				663634791BAB1A08008A7DAA /* OFXcodeMenu */,
				66C4B8AE182EB24200C2AA97 /* Supporting Files */,
			);
			name = OFXcodeMenu;
			path = OFPlugin;
			sourceTree = "<group>";
		};
		66C4B8AE182EB24200C2AA97 /* Supporting Files */ = {
			isa = PBXGroup;
			children = (
				6636348C1BAB1AC1008A7DAA /* OFXcodeMenu-Info.plist */,
				6636348D1BAB1AC1008A7DAA /* OFXcodeMenu-Prefix.pch */,
				6636347A1BAB1A08008A7DAA /* InfoPlist.strings */,
			);
			name = "Supporting Files";
			sourceTree = "<group>";
		};
/* End PBXGroup section */

/* Begin PBXNativeTarget section */
		66C4B8A5182EB24200C2AA97 /* OFXcodeMenu */ = {
			isa = PBXNativeTarget;
			buildConfigurationList = 66C4B8B9182EB24300C2AA97 /* Build configuration list for PBXNativeTarget "OFXcodeMenu" */;
			buildPhases = (
				66C4B8A2182EB24200C2AA97 /* Sources */,
				66C4B8A3182EB24200C2AA97 /* Frameworks */,
				66C4B8A4182EB24200C2AA97 /* Resources */,
			);
			buildRules = (
			);
			dependencies = (
			);
			name = OFXcodeMenu;
			productName = OFPlugin;
			productReference = 66C4B8A6182EB24200C2AA97 /* OFXcodeMenu.xcplugin */;
			productType = "com.apple.product-type.bundle";
		};
/* End PBXNativeTarget section */

/* Begin PBXProject section */
		66C4B89E182EB24200C2AA97 /* Project object */ = {
			isa = PBXProject;
			attributes = {
				CLASSPREFIX = OF;
				LastUpgradeCheck = 0700;
				ORGANIZATIONNAME = "";
			};
			buildConfigurationList = 66C4B8A1182EB24200C2AA97 /* Build configuration list for PBXProject "OFXcodeMenu" */;
			compatibilityVersion = "Xcode 3.2";
			developmentRegion = English;
			hasScannedForEncodings = 0;
			knownRegions = (
				en,
			);
			mainGroup = 66C4B89D182EB24200C2AA97;
			productRefGroup = 66C4B8A7182EB24200C2AA97 /* Products */;
			projectDirPath = "";
			projectRoot = "";
			targets = (
				66C4B8A5182EB24200C2AA97 /* OFXcodeMenu */,
			);
		};
/* End PBXProject section */

/* Begin PBXResourcesBuildPhase section */
		66C4B8A4182EB24200C2AA97 /* Resources */ = {
			isa = PBXResourcesBuildPhase;
			buildActionMask = 2147483647;
			files = (
				663634861BAB1A08008A7DAA /* InfoPlist.strings in Resources */,
			);
			runOnlyForDeploymentPostprocessing = 0;
		};
/* End PBXResourcesBuildPhase section */

/* Begin PBXSourcesBuildPhase section */
		66C4B8A2182EB24200C2AA97 /* Sources */ = {
			isa = PBXSourcesBuildPhase;
			buildActionMask = 2147483647;
			files = (
				663634871BAB1A08008A7DAA /* NSObject+OFPluginXcodePrivateMethods.m in Sources */,
				6636348B1BAB1A08008A7DAA /* OFPlugin.m in Sources */,
				663634891BAB1A08008A7DAA /* OFAddonMenuItem.m in Sources */,
				663634881BAB1A08008A7DAA /* OFAddon.m in Sources */,
			);
			runOnlyForDeploymentPostprocessing = 0;
		};
/* End PBXSourcesBuildPhase section */

/* Begin PBXVariantGroup section */
		6636347A1BAB1A08008A7DAA /* InfoPlist.strings */ = {
			isa = PBXVariantGroup;
			children = (
				6636347B1BAB1A08008A7DAA /* en */,
			);
			name = InfoPlist.strings;
			path = ../OFXcodeMenu;
			sourceTree = "<group>";
		};
/* End PBXVariantGroup section */

/* Begin XCBuildConfiguration section */
		66C4B8B7182EB24300C2AA97 /* Debug */ = {
			isa = XCBuildConfiguration;
			buildSettings = {
				ALWAYS_SEARCH_USER_PATHS = NO;
				CLANG_CXX_LANGUAGE_STANDARD = "gnu++0x";
				CLANG_CXX_LIBRARY = "libc++";
				CLANG_ENABLE_OBJC_ARC = YES;
				CLANG_WARN_BOOL_CONVERSION = YES;
				CLANG_WARN_CONSTANT_CONVERSION = YES;
				CLANG_WARN_DIRECT_OBJC_ISA_USAGE = YES_ERROR;
				CLANG_WARN_EMPTY_BODY = YES;
				CLANG_WARN_ENUM_CONVERSION = YES;
				CLANG_WARN_INT_CONVERSION = YES;
				CLANG_WARN_OBJC_ROOT_CLASS = YES_ERROR;
				CLANG_WARN__DUPLICATE_METHOD_MATCH = YES;
				COPY_PHASE_STRIP = NO;
				ENABLE_TESTABILITY = YES;
				GCC_C_LANGUAGE_STANDARD = gnu99;
				GCC_DYNAMIC_NO_PIC = NO;
				GCC_ENABLE_OBJC_EXCEPTIONS = YES;
				GCC_OPTIMIZATION_LEVEL = 0;
				GCC_PREPROCESSOR_DEFINITIONS = (
					"DEBUG=1",
					"$(inherited)",
				);
				GCC_SYMBOLS_PRIVATE_EXTERN = NO;
				GCC_WARN_64_TO_32_BIT_CONVERSION = YES;
				GCC_WARN_ABOUT_RETURN_TYPE = YES_ERROR;
				GCC_WARN_UNDECLARED_SELECTOR = YES;
				GCC_WARN_UNINITIALIZED_AUTOS = YES;
				GCC_WARN_UNUSED_FUNCTION = YES;
				GCC_WARN_UNUSED_VARIABLE = YES;
				MACOSX_DEPLOYMENT_TARGET = 10.8;
				ONLY_ACTIVE_ARCH = YES;
				SDKROOT = macosx;
			};
			name = Debug;
		};
		66C4B8B8182EB24300C2AA97 /* Release */ = {
			isa = XCBuildConfiguration;
			buildSettings = {
				ALWAYS_SEARCH_USER_PATHS = NO;
				CLANG_CXX_LANGUAGE_STANDARD = "gnu++0x";
				CLANG_CXX_LIBRARY = "libc++";
				CLANG_ENABLE_OBJC_ARC = YES;
				CLANG_WARN_BOOL_CONVERSION = YES;
				CLANG_WARN_CONSTANT_CONVERSION = YES;
				CLANG_WARN_DIRECT_OBJC_ISA_USAGE = YES_ERROR;
				CLANG_WARN_EMPTY_BODY = YES;
				CLANG_WARN_ENUM_CONVERSION = YES;
				CLANG_WARN_INT_CONVERSION = YES;
				CLANG_WARN_OBJC_ROOT_CLASS = YES_ERROR;
				CLANG_WARN__DUPLICATE_METHOD_MATCH = YES;
				COPY_PHASE_STRIP = YES;
				DEBUG_INFORMATION_FORMAT = "dwarf-with-dsym";
				ENABLE_NS_ASSERTIONS = NO;
				GCC_C_LANGUAGE_STANDARD = gnu99;
				GCC_ENABLE_OBJC_EXCEPTIONS = YES;
				GCC_WARN_64_TO_32_BIT_CONVERSION = YES;
				GCC_WARN_ABOUT_RETURN_TYPE = YES_ERROR;
				GCC_WARN_UNDECLARED_SELECTOR = YES;
				GCC_WARN_UNINITIALIZED_AUTOS = YES;
				GCC_WARN_UNUSED_FUNCTION = YES;
				GCC_WARN_UNUSED_VARIABLE = YES;
				MACOSX_DEPLOYMENT_TARGET = 10.8;
				SDKROOT = macosx;
			};
			name = Release;
		};
		66C4B8BA182EB24300C2AA97 /* Debug */ = {
			isa = XCBuildConfiguration;
			buildSettings = {
				COMBINE_HIDPI_IMAGES = YES;
				DEPLOYMENT_LOCATION = YES;
				DSTROOT = "$(HOME)";
				GCC_PRECOMPILE_PREFIX_HEADER = YES;
				GCC_PREFIX_HEADER = "OFXcodeMenu/OFXcodeMenu-Prefix.pch";
				GCC_WARN_UNDECLARED_SELECTOR = NO;
				INFOPLIST_FILE = "OFXcodeMenu/OFXcodeMenu-Info.plist";
				INSTALL_PATH = "/Library/Application Support/Developer/Shared/Xcode/Plug-ins";
				PRODUCT_BUNDLE_IDENTIFIER = "admsyn.${PRODUCT_NAME:rfc1034identifier}";
				PRODUCT_NAME = "$(TARGET_NAME)";
				USER_HEADER_SEARCH_PATHS = "";
				WRAPPER_EXTENSION = xcplugin;
			};
			name = Debug;
		};
		66C4B8BB182EB24300C2AA97 /* Release */ = {
			isa = XCBuildConfiguration;
			buildSettings = {
				COMBINE_HIDPI_IMAGES = YES;
				DEPLOYMENT_LOCATION = YES;
				DSTROOT = "$(HOME)";
				GCC_PRECOMPILE_PREFIX_HEADER = YES;
				GCC_PREFIX_HEADER = "OFXcodeMenu/OFXcodeMenu-Prefix.pch";
				GCC_WARN_UNDECLARED_SELECTOR = NO;
				INFOPLIST_FILE = "OFXcodeMenu/OFXcodeMenu-Info.plist";
				INSTALL_PATH = "/Library/Application Support/Developer/Shared/Xcode/Plug-ins";
				PRODUCT_BUNDLE_IDENTIFIER = "admsyn.${PRODUCT_NAME:rfc1034identifier}";
				PRODUCT_NAME = "$(TARGET_NAME)";
				USER_HEADER_SEARCH_PATHS = "";
				WRAPPER_EXTENSION = xcplugin;
			};
			name = Release;
		};
/* End XCBuildConfiguration section */

/* Begin XCConfigurationList section */
		66C4B8A1182EB24200C2AA97 /* Build configuration list for PBXProject "OFXcodeMenu" */ = {
			isa = XCConfigurationList;
			buildConfigurations = (
				66C4B8B7182EB24300C2AA97 /* Debug */,
				66C4B8B8182EB24300C2AA97 /* Release */,
			);
			defaultConfigurationIsVisible = 0;
			defaultConfigurationName = Release;
		};
		66C4B8B9182EB24300C2AA97 /* Build configuration list for PBXNativeTarget "OFXcodeMenu" */ = {
			isa = XCConfigurationList;
			buildConfigurations = (
				66C4B8BA182EB24300C2AA97 /* Debug */,
				66C4B8BB182EB24300C2AA97 /* Release */,
			);
			defaultConfigurationIsVisible = 0;
			defaultConfigurationName = Release;
		};
/* End XCConfigurationList section */
	};
	rootObject = 66C4B89E182EB24200C2AA97 /* Project object */;
}
